
Microsoft Visual Studio Solution File, Format Version 12.00
# Visual Studio Version 17
VisualStudioVersion = 17.9.34714.143
MinimumVisualStudioVersion = 10.0.40219.1
Project("{FAE04EC0-301F-11D3-BF4B-00C04F79EFBC}") = "Application", "Application\Application.csproj", "{6BFE41C8-4502-4CD6-884C-EE377DF9920E}"
EndProject
Project("{FAE04EC0-301F-11D3-BF4B-00C04F79EFBC}") = "Persistence", "Persistence\Persistence.csproj", "{1FAE50F1-7C58-4F4B-B23C-830F1DEC5408}"
EndProject
Project("{FAE04EC0-301F-11D3-BF4B-00C04F79EFBC}") = "Domain", "Domain\Domain.csproj", "{F7C8C21D-8CE4-4F62-8485-E5137281949A}"
EndProject
Project("{FAE04EC0-301F-11D3-BF4B-00C04F79EFBC}") = "WebAPI", "WebAPI\WebAPI.csproj", "{D53FACBA-BBDA-463D-A842-EDFFFEBEC2B9}"
EndProject
Project("{9A19103F-16F7-4668-BE54-9A1E7A4F7556}") = "Core", "Core\Core.csproj", "{8E81EE2A-0DAA-41B8-882A-AA4034018F14}"
EndProject
Global
	GlobalSection(SolutionConfigurationPlatforms) = preSolution
		Debug|Any CPU = Debug|Any CPU
		Release|Any CPU = Release|Any CPU
	EndGlobalSection
	GlobalSection(ProjectConfigurationPlatforms) = postSolution
		{6BFE41C8-4502-4CD6-884C-EE377DF9920E}.Debug|Any CPU.ActiveCfg = Debug|Any CPU
		{6BFE41C8-4502-4CD6-884C-EE377DF9920E}.Debug|Any CPU.Build.0 = Debug|Any CPU
		{6BFE41C8-4502-4CD6-884C-EE377DF9920E}.Release|Any CPU.ActiveCfg = Release|Any CPU
		{6BFE41C8-4502-4CD6-884C-EE377DF9920E}.Release|Any CPU.Build.0 = Release|Any CPU
		{1FAE50F1-7C58-4F4B-B23C-830F1DEC5408}.Debug|Any CPU.ActiveCfg = Debug|Any CPU
		{1FAE50F1-7C58-4F4B-B23C-830F1DEC5408}.Debug|Any CPU.Build.0 = Debug|Any CPU
		{1FAE50F1-7C58-4F4B-B23C-830F1DEC5408}.Release|Any CPU.ActiveCfg = Release|Any CPU
		{1FAE50F1-7C58-4F4B-B23C-830F1DEC5408}.Release|Any CPU.Build.0 = Release|Any CPU
		{F7C8C21D-8CE4-4F62-8485-E5137281949A}.Debug|Any CPU.ActiveCfg = Debug|Any CPU
		{F7C8C21D-8CE4-4F62-8485-E5137281949A}.Debug|Any CPU.Build.0 = Debug|Any CPU
		{F7C8C21D-8CE4-4F62-8485-E5137281949A}.Release|Any CPU.ActiveCfg = Release|Any CPU
		{F7C8C21D-8CE4-4F62-8485-E5137281949A}.Release|Any CPU.Build.0 = Release|Any CPU
		{D53FACBA-BBDA-463D-A842-EDFFFEBEC2B9}.Debug|Any CPU.ActiveCfg = Debug|Any CPU
		{D53FACBA-BBDA-463D-A842-EDFFFEBEC2B9}.Debug|Any CPU.Build.0 = Debug|Any CPU
		{D53FACBA-BBDA-463D-A842-EDFFFEBEC2B9}.Release|Any CPU.ActiveCfg = Release|Any CPU
		{D53FACBA-BBDA-463D-A842-EDFFFEBEC2B9}.Release|Any CPU.Build.0 = Release|Any CPU
		{8E81EE2A-0DAA-41B8-882A-AA4034018F14}.Debug|Any CPU.ActiveCfg = Debug|Any CPU
		{8E81EE2A-0DAA-41B8-882A-AA4034018F14}.Debug|Any CPU.Build.0 = Debug|Any CPU
		{8E81EE2A-0DAA-41B8-882A-AA4034018F14}.Release|Any CPU.ActiveCfg = Release|Any CPU
		{8E81EE2A-0DAA-41B8-882A-AA4034018F14}.Release|Any CPU.Build.0 = Release|Any CPU
	EndGlobalSection
	GlobalSection(SolutionProperties) = preSolution
		HideSolutionNode = FALSE
	EndGlobalSection
	GlobalSection(ExtensibilityGlobals) = postSolution
		SolutionGuid = {2179B7FB-17F9-44A8-8307-6384A188429F}
	EndGlobalSection
EndGlobal
